
Microsoft Visual Studio Solution File, Format Version 12.00
# Visual Studio Version 17
VisualStudioVersion = 17.9.34728.123
MinimumVisualStudioVersion = 10.0.40219.1
Project("{FAE04EC0-301F-11D3-BF4B-00C04F79EFBC}") = "MyFirstRPG", "MyFirstRPG\MyFirstRPG.csproj", "{C56D4CA0-DE9A-41E0-B6B9-6B0AF7CE6BEA}"
EndProject
Global
	GlobalSection(SolutionConfigurationPlatforms) = preSolution
		Debug|Any CPU = Debug|Any CPU
		Release|Any CPU = Release|Any CPU
	EndGlobalSection
	GlobalSection(ProjectConfigurationPlatforms) = postSolution
		{C56D4CA0-DE9A-41E0-B6B9-6B0AF7CE6BEA}.Debug|Any CPU.ActiveCfg = Debug|Any CPU
		{C56D4CA0-DE9A-41E0-B6B9-6B0AF7CE6BEA}.Debug|Any CPU.Build.0 = Debug|Any CPU
		{C56D4CA0-DE9A-41E0-B6B9-6B0AF7CE6BEA}.Release|Any CPU.ActiveCfg = Release|Any CPU
		{C56D4CA0-DE9A-41E0-B6B9-6B0AF7CE6BEA}.Release|Any CPU.Build.0 = Release|Any CPU
	EndGlobalSection
	GlobalSection(SolutionProperties) = preSolution
		HideSolutionNode = FALSE
	EndGlobalSection
	GlobalSection(ExtensibilityGlobals) = postSolution
		SolutionGuid = {A1E3166A-70DF-4345-8A57-207D54EE3F86}
	EndGlobalSection
EndGlobal
